
Microsoft Visual Studio Solution File, Format Version 12.00
# Visual Studio Version 17
VisualStudioVersion = 17.1.32328.378
MinimumVisualStudioVersion = 10.0.40219.1
Project("{9A19103F-16F7-4668-BE54-9A1E7A4F7556}") = "DotNetPractice.WebAPI", "DotNetPractice.WebAPI\DotNetPractice.WebAPI.csproj", "{8EEBC584-FC3F-45EF-B5C5-24AAC0F923A4}"
EndProject
Project("{9A19103F-16F7-4668-BE54-9A1E7A4F7556}") = "DotNetPractice.Services", "DotNetPractice.Services\DotNetPractice.Services.csproj", "{4DD1CA98-77E4-4CAC-B803-3B3F6E7A21EB}"
EndProject
Project("{9A19103F-16F7-4668-BE54-9A1E7A4F7556}") = "DotNetPractice.Models", "DotNetPractice.Models\DotNetPractice.Models.csproj", "{FE8DE5E5-4F9B-4C5A-BB35-BA944D213C76}"
EndProject
Project("{9A19103F-16F7-4668-BE54-9A1E7A4F7556}") = "DotNetPractice.Blazor", "DotNetPractice.Blazor\DotNetPractice.Blazor.csproj", "{2497FE48-BAB5-4969-A643-7CD2588B28E5}"
EndProject
Project("{FAE04EC0-301F-11D3-BF4B-00C04F79EFBC}") = "DotNetPractice.Razor", "DotNetPractice.Razor\DotNetPractice.Razor.csproj", "{5724BB01-3871-46CB-87DA-503DA6AEAF8E}"
EndProject
Global
	GlobalSection(SolutionConfigurationPlatforms) = preSolution
		Debug|Any CPU = Debug|Any CPU
		Release|Any CPU = Release|Any CPU
	EndGlobalSection
	GlobalSection(ProjectConfigurationPlatforms) = postSolution
		{8EEBC584-FC3F-45EF-B5C5-24AAC0F923A4}.Debug|Any CPU.ActiveCfg = Debug|Any CPU
		{8EEBC584-FC3F-45EF-B5C5-24AAC0F923A4}.Debug|Any CPU.Build.0 = Debug|Any CPU
		{8EEBC584-FC3F-45EF-B5C5-24AAC0F923A4}.Release|Any CPU.ActiveCfg = Release|Any CPU
		{8EEBC584-FC3F-45EF-B5C5-24AAC0F923A4}.Release|Any CPU.Build.0 = Release|Any CPU
		{4DD1CA98-77E4-4CAC-B803-3B3F6E7A21EB}.Debug|Any CPU.ActiveCfg = Debug|Any CPU
		{4DD1CA98-77E4-4CAC-B803-3B3F6E7A21EB}.Debug|Any CPU.Build.0 = Debug|Any CPU
		{4DD1CA98-77E4-4CAC-B803-3B3F6E7A21EB}.Release|Any CPU.ActiveCfg = Release|Any CPU
		{4DD1CA98-77E4-4CAC-B803-3B3F6E7A21EB}.Release|Any CPU.Build.0 = Release|Any CPU
		{FE8DE5E5-4F9B-4C5A-BB35-BA944D213C76}.Debug|Any CPU.ActiveCfg = Debug|Any CPU
		{FE8DE5E5-4F9B-4C5A-BB35-BA944D213C76}.Debug|Any CPU.Build.0 = Debug|Any CPU
		{FE8DE5E5-4F9B-4C5A-BB35-BA944D213C76}.Release|Any CPU.ActiveCfg = Release|Any CPU
		{FE8DE5E5-4F9B-4C5A-BB35-BA944D213C76}.Release|Any CPU.Build.0 = Release|Any CPU
		{2497FE48-BAB5-4969-A643-7CD2588B28E5}.Debug|Any CPU.ActiveCfg = Debug|Any CPU
		{2497FE48-BAB5-4969-A643-7CD2588B28E5}.Debug|Any CPU.Build.0 = Debug|Any CPU
		{2497FE48-BAB5-4969-A643-7CD2588B28E5}.Release|Any CPU.ActiveCfg = Release|Any CPU
		{2497FE48-BAB5-4969-A643-7CD2588B28E5}.Release|Any CPU.Build.0 = Release|Any CPU
		{5724BB01-3871-46CB-87DA-503DA6AEAF8E}.Debug|Any CPU.ActiveCfg = Debug|Any CPU
		{5724BB01-3871-46CB-87DA-503DA6AEAF8E}.Debug|Any CPU.Build.0 = Debug|Any CPU
		{5724BB01-3871-46CB-87DA-503DA6AEAF8E}.Release|Any CPU.ActiveCfg = Release|Any CPU
		{5724BB01-3871-46CB-87DA-503DA6AEAF8E}.Release|Any CPU.Build.0 = Release|Any CPU
	EndGlobalSection
	GlobalSection(SolutionProperties) = preSolution
		HideSolutionNode = FALSE
	EndGlobalSection
	GlobalSection(ExtensibilityGlobals) = postSolution
		SolutionGuid = {79B42339-9D0A-49DB-9B57-665230F31A47}
	EndGlobalSection
EndGlobal
